
Microsoft Visual Studio Solution File, Format Version 12.00
# Visual Studio Version 17
VisualStudioVersion = 17.3.32929.385
MinimumVisualStudioVersion = 10.0.40219.1
Project("{FAE04EC0-301F-11D3-BF4B-00C04F79EFBC}") = "BasicaProgarm195RF", "BasicaProgarm195RF\BasicaProgarm195RF.csproj", "{691D77F5-FA51-47AF-8BDA-BDCA30B7F452}"
EndProject
Global
	GlobalSection(SolutionConfigurationPlatforms) = preSolution
		Debug|Any CPU = Debug|Any CPU
		Release|Any CPU = Release|Any CPU
	EndGlobalSection
	GlobalSection(ProjectConfigurationPlatforms) = postSolution
		{691D77F5-FA51-47AF-8BDA-BDCA30B7F452}.Debug|Any CPU.ActiveCfg = Debug|Any CPU
		{691D77F5-FA51-47AF-8BDA-BDCA30B7F452}.Debug|Any CPU.Build.0 = Debug|Any CPU
		{691D77F5-FA51-47AF-8BDA-BDCA30B7F452}.Release|Any CPU.ActiveCfg = Release|Any CPU
		{691D77F5-FA51-47AF-8BDA-BDCA30B7F452}.Release|Any CPU.Build.0 = Release|Any CPU
	EndGlobalSection
	GlobalSection(SolutionProperties) = preSolution
		HideSolutionNode = FALSE
	EndGlobalSection
	GlobalSection(ExtensibilityGlobals) = postSolution
		SolutionGuid = {6F043986-70C3-48BA-B7D2-4987ED6BB413}
	EndGlobalSection
EndGlobal
