
Microsoft Visual Studio Solution File, Format Version 12.00
# Visual Studio Version 17
VisualStudioVersion = 17.3.32929.385
MinimumVisualStudioVersion = 10.0.40219.1
Project("{FAE04EC0-301F-11D3-BF4B-00C04F79EFBC}") = "TestCaseUC3", "TestCaseUC3\TestCaseUC3.csproj", "{6EE2A314-E07F-4075-AE6E-C16B4354E68C}"
EndProject
Global
	GlobalSection(SolutionConfigurationPlatforms) = preSolution
		Debug|Any CPU = Debug|Any CPU
		Release|Any CPU = Release|Any CPU
	EndGlobalSection
	GlobalSection(ProjectConfigurationPlatforms) = postSolution
		{6EE2A314-E07F-4075-AE6E-C16B4354E68C}.Debug|Any CPU.ActiveCfg = Debug|Any CPU
		{6EE2A314-E07F-4075-AE6E-C16B4354E68C}.Debug|Any CPU.Build.0 = Debug|Any CPU
		{6EE2A314-E07F-4075-AE6E-C16B4354E68C}.Release|Any CPU.ActiveCfg = Release|Any CPU
		{6EE2A314-E07F-4075-AE6E-C16B4354E68C}.Release|Any CPU.Build.0 = Release|Any CPU
	EndGlobalSection
	GlobalSection(SolutionProperties) = preSolution
		HideSolutionNode = FALSE
	EndGlobalSection
	GlobalSection(ExtensibilityGlobals) = postSolution
		SolutionGuid = {09AA5960-1E7E-4445-BF42-3FC8BDF113DA}
	EndGlobalSection
EndGlobal
