
Microsoft Visual Studio Solution File, Format Version 12.00
# Visual Studio Version 17
VisualStudioVersion = 17.3.32929.385
MinimumVisualStudioVersion = 10.0.40219.1
Project("{FAE04EC0-301F-11D3-BF4B-00C04F79EFBC}") = "BasicProgarm195TC", "BasicProgarm195TC\BasicProgarm195TC.csproj", "{D832210F-1A35-445C-B718-561E49F9CDFE}"
EndProject
Global
	GlobalSection(SolutionConfigurationPlatforms) = preSolution
		Debug|Any CPU = Debug|Any CPU
		Release|Any CPU = Release|Any CPU
	EndGlobalSection
	GlobalSection(ProjectConfigurationPlatforms) = postSolution
		{D832210F-1A35-445C-B718-561E49F9CDFE}.Debug|Any CPU.ActiveCfg = Debug|Any CPU
		{D832210F-1A35-445C-B718-561E49F9CDFE}.Debug|Any CPU.Build.0 = Debug|Any CPU
		{D832210F-1A35-445C-B718-561E49F9CDFE}.Release|Any CPU.ActiveCfg = Release|Any CPU
		{D832210F-1A35-445C-B718-561E49F9CDFE}.Release|Any CPU.Build.0 = Release|Any CPU
	EndGlobalSection
	GlobalSection(SolutionProperties) = preSolution
		HideSolutionNode = FALSE
	EndGlobalSection
	GlobalSection(ExtensibilityGlobals) = postSolution
		SolutionGuid = {B708A360-7ED0-4646-90E2-E4E128F664F5}
	EndGlobalSection
EndGlobal
